
Microsoft Visual Studio Solution File, Format Version 12.00
# Visual Studio Version 17
VisualStudioVersion = 17.4.33122.133
MinimumVisualStudioVersion = 10.0.40219.1
Project("{FAE04EC0-301F-11D3-BF4B-00C04F79EFBC}") = "ConsoleApp.MethodSignature", "ConsoleApp.MethodSignature\ConsoleApp.MethodSignature.csproj", "{18E279D2-9F0F-42BA-8913-F62A928449FC}"
EndProject
Project("{FAE04EC0-301F-11D3-BF4B-00C04F79EFBC}") = "ConsoleApp.Event", "ConsoleApp.Event\ConsoleApp.Event.csproj", "{CB68E64D-DA0A-4B6B-A148-2D885369EB00}"
EndProject
Project("{FAE04EC0-301F-11D3-BF4B-00C04F79EFBC}") = "ConsoleApp.Html", "ConsoleApp.Html\ConsoleApp.Html.csproj", "{9F51D2D2-F01B-4B46-96D1-D0B5EEC22DD4}"
EndProject
Project("{FAE04EC0-301F-11D3-BF4B-00C04F79EFBC}") = "ConsoleApp.LoopBenchMark", "ConsoleApp.LoopBenchMark\ConsoleApp.LoopBenchMark.csproj", "{BD914944-246E-4BDE-A7D9-EA0115EEDB09}"
EndProject
Project("{FAE04EC0-301F-11D3-BF4B-00C04F79EFBC}") = "ConsoleApp.GenericCollection", "ConsoleApp.GenericCollection\ConsoleApp.GenericCollection.csproj", "{C74BF3CC-A6E7-43F8-A96B-3F43481D50E5}"
EndProject
Project("{2150E333-8FDC-42A3-9474-1A3956D46DE8}") = "Solution Items", "Solution Items", "{FC66882B-904D-42B9-ACFE-2824934474B9}"
	ProjectSection(SolutionItems) = preProject
		Cevaplar.txt = Cevaplar.txt
	EndProjectSection
EndProject
Global
	GlobalSection(SolutionConfigurationPlatforms) = preSolution
		Debug|Any CPU = Debug|Any CPU
		Release|Any CPU = Release|Any CPU
	EndGlobalSection
	GlobalSection(ProjectConfigurationPlatforms) = postSolution
		{18E279D2-9F0F-42BA-8913-F62A928449FC}.Debug|Any CPU.ActiveCfg = Debug|Any CPU
		{18E279D2-9F0F-42BA-8913-F62A928449FC}.Debug|Any CPU.Build.0 = Debug|Any CPU
		{18E279D2-9F0F-42BA-8913-F62A928449FC}.Release|Any CPU.ActiveCfg = Release|Any CPU
		{18E279D2-9F0F-42BA-8913-F62A928449FC}.Release|Any CPU.Build.0 = Release|Any CPU
		{CB68E64D-DA0A-4B6B-A148-2D885369EB00}.Debug|Any CPU.ActiveCfg = Debug|Any CPU
		{CB68E64D-DA0A-4B6B-A148-2D885369EB00}.Debug|Any CPU.Build.0 = Debug|Any CPU
		{CB68E64D-DA0A-4B6B-A148-2D885369EB00}.Release|Any CPU.ActiveCfg = Release|Any CPU
		{CB68E64D-DA0A-4B6B-A148-2D885369EB00}.Release|Any CPU.Build.0 = Release|Any CPU
		{9F51D2D2-F01B-4B46-96D1-D0B5EEC22DD4}.Debug|Any CPU.ActiveCfg = Debug|Any CPU
		{9F51D2D2-F01B-4B46-96D1-D0B5EEC22DD4}.Debug|Any CPU.Build.0 = Debug|Any CPU
		{9F51D2D2-F01B-4B46-96D1-D0B5EEC22DD4}.Release|Any CPU.ActiveCfg = Release|Any CPU
		{9F51D2D2-F01B-4B46-96D1-D0B5EEC22DD4}.Release|Any CPU.Build.0 = Release|Any CPU
		{BD914944-246E-4BDE-A7D9-EA0115EEDB09}.Debug|Any CPU.ActiveCfg = Debug|Any CPU
		{BD914944-246E-4BDE-A7D9-EA0115EEDB09}.Debug|Any CPU.Build.0 = Debug|Any CPU
		{BD914944-246E-4BDE-A7D9-EA0115EEDB09}.Release|Any CPU.ActiveCfg = Release|Any CPU
		{BD914944-246E-4BDE-A7D9-EA0115EEDB09}.Release|Any CPU.Build.0 = Release|Any CPU
		{C74BF3CC-A6E7-43F8-A96B-3F43481D50E5}.Debug|Any CPU.ActiveCfg = Debug|Any CPU
		{C74BF3CC-A6E7-43F8-A96B-3F43481D50E5}.Debug|Any CPU.Build.0 = Debug|Any CPU
		{C74BF3CC-A6E7-43F8-A96B-3F43481D50E5}.Release|Any CPU.ActiveCfg = Release|Any CPU
		{C74BF3CC-A6E7-43F8-A96B-3F43481D50E5}.Release|Any CPU.Build.0 = Release|Any CPU
	EndGlobalSection
	GlobalSection(SolutionProperties) = preSolution
		HideSolutionNode = FALSE
	EndGlobalSection
	GlobalSection(ExtensibilityGlobals) = postSolution
		SolutionGuid = {231F4141-8334-4394-BC35-8821CB790BBF}
	EndGlobalSection
EndGlobal
